Microsoft Visual Studio Solution File, Format Version 11.00
# Visual Studio 2008

Project("{9BF24DEC-25D4-0799-3C3C-36FA5F1ACB66}") = "Adventure-Game-0001", "Assembly-CSharp.csproj", "{6F563CDE-5BAE-FBA6-710B-78B34AD74C60}"
EndProject
Project("{9BF24DEC-25D4-0799-3C3C-36FA5F1ACB66}") = "Adventure-Game-0001", "Assembly-CSharp-Editor.csproj", "{6655DD8D-C60B-94ED-D91D-66446149A667}"
EndProject
Global
	GlobalSection(SolutionConfigurationPlatforms) = preSolution
		Debug|Any CPU = Debug|Any CPU
		Release|Any CPU = Release|Any CPU
	EndGlobalSection
	GlobalSection(ProjectConfigurationPlatforms) = postSolution
		{6F563CDE-5BAE-FBA6-710B-78B34AD74C60}.Debug|Any CPU.ActiveCfg = Debug|Any CPU
		{6F563CDE-5BAE-FBA6-710B-78B34AD74C60}.Debug|Any CPU.Build.0 = Debug|Any CPU
		{6F563CDE-5BAE-FBA6-710B-78B34AD74C60}.Release|Any CPU.ActiveCfg = Release|Any CPU
		{6F563CDE-5BAE-FBA6-710B-78B34AD74C60}.Release|Any CPU.Build.0 = Release|Any CPU
		{6655DD8D-C60B-94ED-D91D-66446149A667}.Debug|Any CPU.ActiveCfg = Debug|Any CPU
		{6655DD8D-C60B-94ED-D91D-66446149A667}.Debug|Any CPU.Build.0 = Debug|Any CPU
		{6655DD8D-C60B-94ED-D91D-66446149A667}.Release|Any CPU.ActiveCfg = Release|Any CPU
		{6655DD8D-C60B-94ED-D91D-66446149A667}.Release|Any CPU.Build.0 = Release|Any CPU
	EndGlobalSection
	GlobalSection(SolutionProperties) = preSolution
		HideSolutionNode = FALSE
	EndGlobalSection
	GlobalSection(MonoDevelopProperties) = preSolution
		StartupItem = Assembly-CSharp.csproj
	EndGlobalSection
EndGlobal
